
Microsoft Visual Studio Solution File, Format Version 12.00
# Visual Studio Version 16
VisualStudioVersion = 16.0.32228.343
MinimumVisualStudioVersion = 10.0.40219.1
Project("{8BC9CEB8-8B4A-11D0-8D11-00A0C91BC942}") = "HW_202001492_김수민", "HW_202001492_김수민.vcxproj", "{240C9F2C-7478-44D1-8E74-F09510F24D1D}"
EndProject
Global
	GlobalSection(SolutionConfigurationPlatforms) = preSolution
		Debug|x64 = Debug|x64
		Debug|x86 = Debug|x86
		Release|x64 = Release|x64
		Release|x86 = Release|x86
	EndGlobalSection
	GlobalSection(ProjectConfigurationPlatforms) = postSolution
		{240C9F2C-7478-44D1-8E74-F09510F24D1D}.Debug|x64.ActiveCfg = Debug|x64
		{240C9F2C-7478-44D1-8E74-F09510F24D1D}.Debug|x64.Build.0 = Debug|x64
		{240C9F2C-7478-44D1-8E74-F09510F24D1D}.Debug|x86.ActiveCfg = Debug|Win32
		{240C9F2C-7478-44D1-8E74-F09510F24D1D}.Debug|x86.Build.0 = Debug|Win32
		{240C9F2C-7478-44D1-8E74-F09510F24D1D}.Release|x64.ActiveCfg = Release|x64
		{240C9F2C-7478-44D1-8E74-F09510F24D1D}.Release|x64.Build.0 = Release|x64
		{240C9F2C-7478-44D1-8E74-F09510F24D1D}.Release|x86.ActiveCfg = Release|Win32
		{240C9F2C-7478-44D1-8E74-F09510F24D1D}.Release|x86.Build.0 = Release|Win32
	EndGlobalSection
	GlobalSection(SolutionProperties) = preSolution
		HideSolutionNode = FALSE
	EndGlobalSection
	GlobalSection(ExtensibilityGlobals) = postSolution
		SolutionGuid = {27DCA5FE-C789-4AFF-9541-F842FC89DC0F}
	EndGlobalSection
EndGlobal
